# Generated by conda-lock.
# platform: linux-64
# input_hash: c8a3d4727be83256b4ad791c2962378ceeb1434f051a1373f246ccd366936175
@EXPLICIT
https://conda.anaconda.org/conda-forge/linux-64/_libgcc_mutex-0.1-conda_forge.tar.bz2#d7c89558ba9fa0495403155b64376d81
https://conda.anaconda.org/conda-forge/linux-64/ca-certificates-2023.11.17-hbcca054_0.conda#01ffc8d36f9eba0ce0b3c1955fa780ee
https://conda.anaconda.org/conda-forge/noarch/kernel-headers_linux-64-2.6.32-he073ed8_16.conda#7ca122655873935e02c91279c5b03c8c
https://conda.anaconda.org/conda-forge/linux-64/ld_impl_linux-64-2.40-h41732ed_0.conda#7aca3059a1729aa76c597603f10b0dd3
https://conda.anaconda.org/conda-forge/noarch/libgcc-devel_linux-64-13.2.0-ha9c7c90_104.conda#5cbf2a5e1e1ac131180caaf570723d7c
https://conda.anaconda.org/conda-forge/noarch/libstdcxx-devel_linux-64-13.2.0-ha9c7c90_104.conda#dd5fedea2a63a8078a7bcc3f303a16a3
https://conda.anaconda.org/conda-forge/linux-64/libstdcxx-ng-13.2.0-h7e041cc_4.conda#f6a3a9c67eb8030555d04066bcd65320
https://conda.anaconda.org/conda-forge/linux-64/libgomp-13.2.0-h807b86a_4.conda#cd6ae9659d3cd53207efa8e0ed3ab15d
https://conda.anaconda.org/conda-forge/noarch/sysroot_linux-64-2.12-he073ed8_16.conda#071ea8dceff4d30ac511f4a2f8437cd1
https://conda.anaconda.org/conda-forge/linux-64/_openmp_mutex-4.5-2_gnu.tar.bz2#73aaf86a425cc6e73fcf236a5a46396d
https://conda.anaconda.org/conda-forge/linux-64/binutils_impl_linux-64-2.40-hf600244_0.conda#33084421a8c0af6aef1b439707f7662a
https://conda.anaconda.org/conda-forge/linux-64/binutils_linux-64-2.40-hbdbef99_2.conda#adfebae9fdc63a598495dfe3b006973a
https://conda.anaconda.org/conda-forge/linux-64/libgcc-ng-13.2.0-h807b86a_4.conda#e0dee4121cc9d961b3740e3759b02d13
https://conda.anaconda.org/conda-forge/linux-64/bzip2-1.0.8-hd590300_5.conda#69b8b6202a07720f448be700e300ccf4
https://conda.anaconda.org/conda-forge/linux-64/c-ares-1.26.0-hd590300_0.conda#a86d90025198fd411845fc245ebc06c8
https://conda.anaconda.org/conda-forge/linux-64/jpeg-9e-h0b41bf4_3.conda#c7a069243e1fbe9a556ed2ec030e6407
https://conda.anaconda.org/conda-forge/linux-64/keyutils-1.6.1-h166bdaf_0.tar.bz2#30186d27e2c9fa62b45fb1476b7200e3
https://conda.anaconda.org/bioconda/linux-64/libdeflate-1.0-h14c3975_1.tar.bz2#6597b611d5070ad5fcef34a26a8065e3
https://conda.anaconda.org/conda-forge/linux-64/libev-4.33-hd590300_2.conda#172bf1cd1ff8629f2b1179945ed45055
https://conda.anaconda.org/conda-forge/linux-64/libffi-3.2.1-he1b5a44_1007.tar.bz2#11389072d7d6036fd811c3d9460475cd
https://conda.anaconda.org/conda-forge/linux-64/libgfortran5-13.2.0-ha4646dd_4.conda#e661d5238ba69d8fe2e488bbde6f9cc4
https://conda.anaconda.org/conda-forge/linux-64/libgpuarray-0.7.6-h7f98852_1003.tar.bz2#d0bb3d58f6bc971ec707c980e5ce26f0
https://conda.anaconda.org/conda-forge/linux-64/libsanitizer-13.2.0-h7e041cc_4.conda#277c5132fb2e904eca487bcdc3d6bea8
https://conda.anaconda.org/conda-forge/linux-64/libwebp-base-1.3.2-hd590300_0.conda#30de3fd9b3b602f7473f30e684eeea8c
https://conda.anaconda.org/conda-forge/linux-64/libxcrypt-4.4.36-hd590300_1.conda#5aa797f8787fe7a17d1b0821485b5adc
https://conda.anaconda.org/conda-forge/linux-64/libzlib-1.2.13-hd590300_5.conda#f36c115f1ee199da648e0597ec2047ad
https://conda.anaconda.org/bioconda/linux-64/muscle-3.8.1551-h7d875b9_6.tar.bz2#d4e0b28bdc4395d0ca0158ae546f0232
https://conda.anaconda.org/conda-forge/linux-64/ncurses-6.1-hf484d3e_1002.tar.bz2#17f2190cdcbc753893307b4c81aff478
https://conda.anaconda.org/conda-forge/linux-64/openssl-1.1.1w-hd590300_0.conda#301e70057a3bd399640bb16bbdf87995
https://conda.anaconda.org/conda-forge/linux-64/xz-5.2.6-h166bdaf_0.tar.bz2#2161070d867d1b1204ea749c8eec4ef0
https://conda.anaconda.org/conda-forge/linux-64/yaml-0.2.5-h7f98852_2.tar.bz2#4cb3ad778ec2d5a7acbdf254eb1c42ae
https://conda.anaconda.org/conda-forge/linux-64/gcc_impl_linux-64-13.2.0-h338b0a0_4.conda#caddf13864c5f816883f87162ef7da2d
https://conda.anaconda.org/conda-forge/linux-64/libedit-3.1.20191231-h46ee950_2.tar.bz2#0ab53415cb437d37131f2041d75c1895
https://conda.anaconda.org/conda-forge/linux-64/libgfortran-ng-13.2.0-h69a702a_4.conda#4956aae564e90a1fc96f3bc58152c2b2
https://conda.anaconda.org/conda-forge/linux-64/libnghttp2-1.51.0-hdcd2b5c_0.conda#c42b460bae0365fb9777b1ff9d09a554
https://conda.anaconda.org/conda-forge/linux-64/libpng-1.6.39-h753d276_0.conda#e1c890aebdebbfbf87e2c917187b4416
https://conda.anaconda.org/conda-forge/linux-64/libssh2-1.10.0-haa6b8db_3.tar.bz2#89acee135f0809a18a1f4537390aa2dd
https://conda.anaconda.org/conda-forge/linux-64/perl-5.32.1-7_hd590300_perl5.conda#f2cfec9406850991f4e3d960cc9e3321
https://conda.anaconda.org/conda-forge/linux-64/readline-8.0-h46ee950_1.tar.bz2#38d5c3f69d7cc150468dab57af4726e1
https://conda.anaconda.org/conda-forge/linux-64/tk-8.6.13-noxft_h4845f30_101.conda#d453b98d9c83e71da0741bb0ff4d76bc
https://conda.anaconda.org/conda-forge/linux-64/zlib-1.2.13-hd590300_5.conda#68c34ec6149623be41a1933ab996a209
https://conda.anaconda.org/conda-forge/linux-64/zstd-1.5.5-hfc55251_0.conda#04b88013080254850d6c01ed54810589
https://conda.anaconda.org/conda-forge/linux-64/freetype-2.12.1-h267a509_2.conda#9ae35c3d96db2c94ce0cef86efdfa2cb
https://conda.anaconda.org/conda-forge/linux-64/gcc_linux-64-13.2.0-h112eaf3_2.conda#7f77e02a151daf27b4a0e1b6c12f68b9
https://conda.anaconda.org/conda-forge/linux-64/gxx_impl_linux-64-13.2.0-h338b0a0_4.conda#e761cbb0b964071ecc75f258cb8b1ce9
https://conda.anaconda.org/conda-forge/linux-64/krb5-1.20.1-hf9c8cef_0.conda#5f7e9efd540d7ac4b485660231ba6150
https://conda.anaconda.org/conda-forge/linux-64/libopenblas-0.3.25-pthreads_h413a1c8_0.conda#d172b34a443b95f86089e8229ddc9a17
https://conda.anaconda.org/conda-forge/linux-64/libprotobuf-3.18.0-h780b84a_1.tar.bz2#0e5dcfc74f5829be343e3c4872ad07e7
https://conda.anaconda.org/conda-forge/linux-64/libtiff-4.2.0-hf544144_3.tar.bz2#53798351da909e181243e17dccee41ad
https://conda.anaconda.org/conda-forge/linux-64/sqlite-3.32.3-hcee41ef_1.tar.bz2#eba59aaa700c4787661b55a8aa3541a7
https://conda.anaconda.org/conda-forge/linux-64/gxx_linux-64-13.2.0-hc53e3bf_2.conda#7b8c35963707337e5f363c36f9bb5088
https://conda.anaconda.org/conda-forge/linux-64/lcms2-2.12-hddcbb42_0.tar.bz2#797117394a4aa588de6d741b06fad80f
https://conda.anaconda.org/conda-forge/linux-64/libblas-3.9.0-20_linux64_openblas.conda#2b7bb4f7562c8cf334fc2e20c2d28abc
https://conda.anaconda.org/conda-forge/linux-64/libcurl-7.87.0-h6312ad2_0.conda#ad07f06bd133e76e12165bc3ec2c8646
https://conda.anaconda.org/conda-forge/linux-64/openjpeg-2.4.0-hb52868f_1.tar.bz2#b7ad78ad2e9ee155f59e6428406ee824
https://conda.anaconda.org/conda-forge/linux-64/python-3.6.10-h8356626_1011_cpython.tar.bz2#736d991b4f50e40eec7a282d2301744f
https://conda.anaconda.org/conda-forge/noarch/absl-py-2.0.0-pyhd8ed1ab_0.conda#2361c56617987bb6623dcbf8bab5cdc4
https://conda.anaconda.org/conda-forge/noarch/astor-0.8.1-pyh9f0ad1d_0.tar.bz2#6ae770689be59dc391ef974d2e849b56
https://conda.anaconda.org/conda-forge/noarch/cached_property-1.5.2-pyha770c72_1.tar.bz2#576d629e47797577ab0f1b351297ef4a
https://conda.anaconda.org/conda-forge/linux-64/curl-7.87.0-h6312ad2_0.conda#e6ca70adeae12dce14cbf412b58ace64
https://conda.anaconda.org/conda-forge/noarch/cycler-0.11.0-pyhd8ed1ab_0.tar.bz2#a50559fad0affdbb33729a68669ca1cb
https://conda.anaconda.org/conda-forge/noarch/dataclasses-0.8-pyh787bdff_2.tar.bz2#ed959a4ba14e6ddfa898630a5474a601
https://conda.anaconda.org/conda-forge/noarch/decorator-5.1.1-pyhd8ed1ab_0.tar.bz2#43afe5ab04e35e17ba28649471dd7364
https://conda.anaconda.org/conda-forge/noarch/gast-0.5.4-pyhd8ed1ab_0.conda#8189adbad784030b76bbf81c68d7b0d4
https://conda.anaconda.org/conda-forge/linux-64/hdf5-1.10.6-nompi_h6a2412b_1114.tar.bz2#0a2984b78f51148d7ff6219abe73509e
https://conda.anaconda.org/conda-forge/linux-64/libcblas-3.9.0-20_linux64_openblas.conda#36d486d72ab64ffea932329a1d3729a3
https://conda.anaconda.org/conda-forge/linux-64/liblapack-3.9.0-20_linux64_openblas.conda#6fabc51f5e647d09cc010c40061557e0
https://conda.anaconda.org/conda-forge/noarch/mock-5.1.0-pyhd8ed1ab_0.conda#926c67c0310094cf421ad13f7d3f38e5
https://conda.anaconda.org/conda-forge/noarch/olefile-0.46-pyh9f0ad1d_1.tar.bz2#0b2e68acc8c78c8cc392b90983481f58
https://conda.anaconda.org/conda-forge/noarch/pyparsing-3.1.1-pyhd8ed1ab_0.conda#176f7d56f0cfe9008bdf1bccd7de02fb
https://conda.anaconda.org/conda-forge/linux-64/python_abi-3.6-2_cp36m.tar.bz2#6f5b92d833a339da29ad8578c2a648ad
https://conda.anaconda.org/conda-forge/noarch/six-1.16.0-pyh6c4a22f_0.tar.bz2#e5f25f8dbc060e9a8d912e432202afc2
https://conda.anaconda.org/conda-forge/noarch/termcolor-1.1.0-pyhd8ed1ab_3.tar.bz2#2a28d2137388d7c6a903f29319f262bc
https://conda.anaconda.org/conda-forge/noarch/threadpoolctl-3.1.0-pyh8a188c0_0.tar.bz2#a2995ee828f65687ac5b1e71a2ab1e0c
https://conda.anaconda.org/conda-forge/noarch/typing_extensions-4.1.1-pyha770c72_0.tar.bz2#74761ba7bc682e9009520163a1031ace
https://conda.anaconda.org/conda-forge/noarch/zipp-3.6.0-pyhd8ed1ab_0.tar.bz2#855e2c4622f5eb50a4f6f7167b9ba17a
https://conda.anaconda.org/conda-forge/noarch/cached-property-1.5.2-hd8ed1ab_1.tar.bz2#9b347a7ec10940d3f7941ff6c460b551
https://conda.anaconda.org/conda-forge/linux-64/certifi-2021.5.30-py36h5fab9bb_0.tar.bz2#500e3fb737f9d2023755f78f1f22ca69
https://conda.anaconda.org/conda-forge/linux-64/cython-0.29.24-py36hc4f0c31_0.tar.bz2#38f07b91c21714cd0dda32a52922a0c6
https://conda.anaconda.org/conda-forge/linux-64/gsl-2.5-h294904e_1.tar.bz2#07256c8eb4850fc219ccbff46361bd12
https://conda.anaconda.org/bioconda/linux-64/htslib-1.9-ha228f0b_7.tar.bz2#9a8e267aa4a8d0de90929e664e8470cd
https://conda.anaconda.org/conda-forge/linux-64/importlib-metadata-4.8.1-py36h5fab9bb_0.tar.bz2#ec50a4f999b407d69b3a433c1405f0ba
https://conda.anaconda.org/conda-forge/linux-64/kiwisolver-1.3.1-py36h605e78d_1.tar.bz2#a92afbf92c5416585457e5de5c3d98c7
https://conda.anaconda.org/conda-forge/linux-64/markupsafe-2.0.1-py36h8f6f2f9_0.tar.bz2#e450eb239eb68d0467b1c6d0fef28ae9
https://conda.anaconda.org/conda-forge/linux-64/networkx-1.11-py36_0.tar.bz2#9cbe3c4c11019f9090f5f3792c9f1a75
https://conda.anaconda.org/conda-forge/linux-64/numpy-1.19.5-py36hfc0c790_2.tar.bz2#68dd09a5147b9dfc38a75237b99dad8e
https://conda.anaconda.org/conda-forge/linux-64/pillow-8.2.0-py36ha6010c0_1.tar.bz2#c6319092abb6107b05b59c67e83c74a3
https://conda.anaconda.org/conda-forge/noarch/python-dateutil-2.8.2-pyhd8ed1ab_0.tar.bz2#dd999d1cc9f79e67dbb855c8924c7984
https://conda.anaconda.org/conda-forge/linux-64/pyyaml-5.4.1-py36h8f6f2f9_1.tar.bz2#e9ca9afbe0ffbde954118168bc971871
https://conda.anaconda.org/conda-forge/linux-64/setuptools-58.0.4-py36h5fab9bb_2.tar.bz2#d584b24af029d1fc78b6a0d2cc294d40
https://conda.anaconda.org/conda-forge/linux-64/tornado-6.1-py36h8f6f2f9_1.tar.bz2#3d19680e14cb7cf6f383ba1fd3a72f2c
https://conda.anaconda.org/conda-forge/noarch/werkzeug-2.0.2-pyhd8ed1ab_0.tar.bz2#c199afe23fc1b99cf6135a0e9c07fd43
https://conda.anaconda.org/bioconda/linux-64/bcftools-1.9-h68d8f2e_9.tar.bz2#833b08cd22e71d6ce9ad9d3373695869
https://conda.anaconda.org/conda-forge/linux-64/biopython-1.79-py36h8f6f2f9_0.tar.bz2#e84cfbc262dddedd7b4433cbe4a09a63
https://conda.anaconda.org/conda-forge/linux-64/grpcio-1.38.1-py36h8e87921_0.tar.bz2#bec1512a7fb269492bdda586b349dbba
https://conda.anaconda.org/conda-forge/linux-64/h5py-3.1.0-nompi_py36hc1bc4f5_100.tar.bz2#8466039d169f61bcaa4a2126465d889f
https://conda.anaconda.org/conda-forge/noarch/joblib-1.2.0-pyhd8ed1ab_0.tar.bz2#7583652522d71ad78ba536bba06940eb
https://conda.anaconda.org/conda-forge/noarch/mako-1.3.2-pyhd8ed1ab_0.conda#a6b5f0124bc6d061350edd6d7f96dd05
https://conda.anaconda.org/conda-forge/noarch/markdown-3.5.2-pyhd8ed1ab_0.conda#db7b48fa4eeb0c21b2f3f5b1f7d9ebcf
https://conda.anaconda.org/conda-forge/linux-64/matplotlib-base-3.3.4-py36hd391965_0.tar.bz2#ed3c55ad68aa87ba9c2b2d5f6ede7f14
https://conda.anaconda.org/conda-forge/linux-64/protobuf-3.18.0-py36hc4f0c31_0.tar.bz2#8850093920ce0e2f156f407cdc04b432
https://conda.anaconda.org/bioconda/linux-64/samtools-1.9-h10a08f8_12.tar.bz2#a30f9567459497443fb98c5d46384769
https://conda.anaconda.org/conda-forge/linux-64/scipy-1.5.3-py36h81d768a_1.tar.bz2#cf58f52d8e8db2f8aa333cd9c674f890
https://repo.anaconda.com/pkgs/main/noarch/tensorflow-estimator-1.13.0-py_0.conda#578c76466f3a45288af3ff6f7a1f648a
https://conda.anaconda.org/conda-forge/noarch/keras-applications-1.0.8-py_1.tar.bz2#85e7a1c5ce2b33ecc23a970835d43faf
https://conda.anaconda.org/conda-forge/noarch/keras-preprocessing-1.1.2-pyhd8ed1ab_0.tar.bz2#a79b00989a0d89791021902f37fe2f9e
https://conda.anaconda.org/conda-forge/linux-64/pygpu-0.7.6-py36h92226af_1002.tar.bz2#92c99e489ba7ad23f9013a49f9a56a13
https://conda.anaconda.org/bioconda/linux-64/pysam-0.15.1-py36h0380709_0.tar.bz2#44321232df3b8752a151666a46f9be25
https://conda.anaconda.org/conda-forge/linux-64/scikit-learn-0.24.2-py36hc89565f_1.tar.bz2#8bcb20377bc15c324c3ae4e0884c125a
https://conda.anaconda.org/conda-forge/linux-64/tensorboard-1.13.1-py36_0.tar.bz2#4dfab4e804b276148438268a5996a8a9
https://conda.anaconda.org/conda-forge/linux-64/tensorflow-base-1.13.1-py36h76b4ce7_7.tar.bz2#82a50c8b886e640375417f883a46f47e
https://conda.anaconda.org/conda-forge/linux-64/theano-1.0.4-py36hf484d3e_1000.tar.bz2#b52a50ae323fb63b4b04ee55a8d6ff25
https://conda.anaconda.org/conda-forge/linux-64/tensorflow-1.13.1-h76b4ce7_7.tar.bz2#74fc04bb019e9e40071ebfc5441f76e2
https://conda.anaconda.org/conda-forge/linux-64/keras-2.2.4-py36_1.tar.bz2#5577d2fd019b611db73fc9457e045f13
https://conda.anaconda.org/bioconda/linux-64/advntr-1.5.0-py36hd5865be_0.tar.bz2#9cb55c27e0d62b606a7bee906d87c5b1
